// !$*UTF8*$!
{
	archiveVersion = 1;
	classes = {
	};
	objectVersion = 56;
	objects = {

/* Begin PBXBuildFile section */
		56211D712A6B146D001EB769 /* AppDelegate.swift in Sources */ = {isa = PBXBuildFile; fileRef = 56211D702A6B146D001EB769 /* AppDelegate.swift */; };
		56211D732A6B146D001EB769 /* SceneDelegate.swift in Sources */ = {isa = PBXBuildFile; fileRef = 56211D722A6B146D001EB769 /* SceneDelegate.swift */; };
		56211D752A6B146D001EB769 /* ViewController.swift in Sources */ = {isa = PBXBuildFile; fileRef = 56211D742A6B146D001EB769 /* ViewController.swift */; };
		56211D7A2A6B146E001EB769 /* Assets.xcassets in Resources */ = {isa = PBXBuildFile; fileRef = 56211D792A6B146E001EB769 /* Assets.xcassets */; };
		56211D7D2A6B146E001EB769 /* LaunchScreen.storyboard in Resources */ = {isa = PBXBuildFile; fileRef = 56211D7B2A6B146E001EB769 /* LaunchScreen.storyboard */; };
		56211D882A6B146E001EB769 /* Github_FollowersTests.swift in Sources */ = {isa = PBXBuildFile; fileRef = 56211D872A6B146E001EB769 /* Github_FollowersTests.swift */; };
		56211D922A6B146E001EB769 /* Github_FollowersUITests.swift in Sources */ = {isa = PBXBuildFile; fileRef = 56211D912A6B146E001EB769 /* Github_FollowersUITests.swift */; };
		56211D942A6B146E001EB769 /* Github_FollowersUITestsLaunchTests.swift in Sources */ = {isa = PBXBuildFile; fileRef = 56211D932A6B146E001EB769 /* Github_FollowersUITestsLaunchTests.swift */; };
		56211DA12A6B18D2001EB769 /* SearchViewController.swift in Sources */ = {isa = PBXBuildFile; fileRef = 56211DA02A6B18D2001EB769 /* SearchViewController.swift */; };
		56211DA32A6B1904001EB769 /* FavoritesViewController.swift in Sources */ = {isa = PBXBuildFile; fileRef = 56211DA22A6B1904001EB769 /* FavoritesViewController.swift */; };
		56211DA52A6B20EA001EB769 /* GFButton.swift in Sources */ = {isa = PBXBuildFile; fileRef = 56211DA42A6B20EA001EB769 /* GFButton.swift */; };
		56211DA72A6B23F1001EB769 /* GFTextField.swift in Sources */ = {isa = PBXBuildFile; fileRef = 56211DA62A6B23F1001EB769 /* GFTextField.swift */; };
		56211DA92A6B3318001EB769 /* FollowerViewController.swift in Sources */ = {isa = PBXBuildFile; fileRef = 56211DA82A6B3318001EB769 /* FollowerViewController.swift */; };
		56211DAB2A6B3A2A001EB769 /* GFTitleLabel.swift in Sources */ = {isa = PBXBuildFile; fileRef = 56211DAA2A6B3A2A001EB769 /* GFTitleLabel.swift */; };
		56211DAD2A6B3B76001EB769 /* GFBodyLabel.swift in Sources */ = {isa = PBXBuildFile; fileRef = 56211DAC2A6B3B76001EB769 /* GFBodyLabel.swift */; };
		56211DAF2A6B3C37001EB769 /* GFAlertViewController.swift in Sources */ = {isa = PBXBuildFile; fileRef = 56211DAE2A6B3C37001EB769 /* GFAlertViewController.swift */; };
		56211DB12A6B4251001EB769 /* UIViewController+Extension.swift in Sources */ = {isa = PBXBuildFile; fileRef = 56211DB02A6B4251001EB769 /* UIViewController+Extension.swift */; };
		56211DB82A6BDD37001EB769 /* User.swift in Sources */ = {isa = PBXBuildFile; fileRef = 56211DB72A6BDD37001EB769 /* User.swift */; };
		56211DBA2A6BDDCE001EB769 /* Follower.swift in Sources */ = {isa = PBXBuildFile; fileRef = 56211DB92A6BDDCE001EB769 /* Follower.swift */; };
		56211DBD2A6BE02C001EB769 /* NetworkManager.swift in Sources */ = {isa = PBXBuildFile; fileRef = 56211DBC2A6BE02C001EB769 /* NetworkManager.swift */; };
/* End PBXBuildFile section */

/* Begin PBXContainerItemProxy section */
		56211D842A6B146E001EB769 /* PBXContainerItemProxy */ = {
			isa = PBXContainerItemProxy;
			containerPortal = 56211D652A6B146D001EB769 /* Project object */;
			proxyType = 1;
			remoteGlobalIDString = 56211D6C2A6B146D001EB769;
			remoteInfo = "Github Followers";
		};
		56211D8E2A6B146E001EB769 /* PBXContainerItemProxy */ = {
			isa = PBXContainerItemProxy;
			containerPortal = 56211D652A6B146D001EB769 /* Project object */;
			proxyType = 1;
			remoteGlobalIDString = 56211D6C2A6B146D001EB769;
			remoteInfo = "Github Followers";
		};
/* End PBXContainerItemProxy section */

/* Begin PBXFileReference section */
		56211D6D2A6B146D001EB769 /* Github Followers.app */ = {isa = PBXFileReference; explicitFileType = wrapper.application; includeInIndex = 0; path = "Github Followers.app"; sourceTree = BUILT_PRODUCTS_DIR; };
		56211D702A6B146D001EB769 /* AppDelegate.swift */ = {isa = PBXFileReference; lastKnownFileType = sourcecode.swift; path = AppDelegate.swift; sourceTree = "<group>"; };
		56211D722A6B146D001EB769 /* SceneDelegate.swift */ = {isa = PBXFileReference; lastKnownFileType = sourcecode.swift; path = SceneDelegate.swift; sourceTree = "<group>"; };
		56211D742A6B146D001EB769 /* ViewController.swift */ = {isa = PBXFileReference; lastKnownFileType = sourcecode.swift; path = ViewController.swift; sourceTree = "<group>"; };
		56211D792A6B146E001EB769 /* Assets.xcassets */ = {isa = PBXFileReference; lastKnownFileType = folder.assetcatalog; path = Assets.xcassets; sourceTree = "<group>"; };
		56211D7C2A6B146E001EB769 /* Base */ = {isa = PBXFileReference; lastKnownFileType = file.storyboard; name = Base; path = Base.lproj/LaunchScreen.storyboard; sourceTree = "<group>"; };
		56211D7E2A6B146E001EB769 /* Info.plist */ = {isa = PBXFileReference; lastKnownFileType = text.plist.xml; path = Info.plist; sourceTree = "<group>"; };
		56211D832A6B146E001EB769 /* Github FollowersTests.xctest */ = {isa = PBXFileReference; explicitFileType = wrapper.cfbundle; includeInIndex = 0; path = "Github FollowersTests.xctest"; sourceTree = BUILT_PRODUCTS_DIR; };
		56211D872A6B146E001EB769 /* Github_FollowersTests.swift */ = {isa = PBXFileReference; lastKnownFileType = sourcecode.swift; path = Github_FollowersTests.swift; sourceTree = "<group>"; };
		56211D8D2A6B146E001EB769 /* Github FollowersUITests.xctest */ = {isa = PBXFileReference; explicitFileType = wrapper.cfbundle; includeInIndex = 0; path = "Github FollowersUITests.xctest"; sourceTree = BUILT_PRODUCTS_DIR; };
		56211D912A6B146E001EB769 /* Github_FollowersUITests.swift */ = {isa = PBXFileReference; lastKnownFileType = sourcecode.swift; path = Github_FollowersUITests.swift; sourceTree = "<group>"; };
		56211D932A6B146E001EB769 /* Github_FollowersUITestsLaunchTests.swift */ = {isa = PBXFileReference; lastKnownFileType = sourcecode.swift; path = Github_FollowersUITestsLaunchTests.swift; sourceTree = "<group>"; };
		56211DA02A6B18D2001EB769 /* SearchViewController.swift */ = {isa = PBXFileReference; lastKnownFileType = sourcecode.swift; path = SearchViewController.swift; sourceTree = "<group>"; };
		56211DA22A6B1904001EB769 /* FavoritesViewController.swift */ = {isa = PBXFileReference; lastKnownFileType = sourcecode.swift; path = FavoritesViewController.swift; sourceTree = "<group>"; };
		56211DA42A6B20EA001EB769 /* GFButton.swift */ = {isa = PBXFileReference; lastKnownFileType = sourcecode.swift; path = GFButton.swift; sourceTree = "<group>"; };
		56211DA62A6B23F1001EB769 /* GFTextField.swift */ = {isa = PBXFileReference; lastKnownFileType = sourcecode.swift; path = GFTextField.swift; sourceTree = "<group>"; };
		56211DA82A6B3318001EB769 /* FollowerViewController.swift */ = {isa = PBXFileReference; lastKnownFileType = sourcecode.swift; path = FollowerViewController.swift; sourceTree = "<group>"; };
		56211DAA2A6B3A2A001EB769 /* GFTitleLabel.swift */ = {isa = PBXFileReference; lastKnownFileType = sourcecode.swift; path = GFTitleLabel.swift; sourceTree = "<group>"; };
		56211DAC2A6B3B76001EB769 /* GFBodyLabel.swift */ = {isa = PBXFileReference; lastKnownFileType = sourcecode.swift; path = GFBodyLabel.swift; sourceTree = "<group>"; };
		56211DAE2A6B3C37001EB769 /* GFAlertViewController.swift */ = {isa = PBXFileReference; lastKnownFileType = sourcecode.swift; path = GFAlertViewController.swift; sourceTree = "<group>"; };
		56211DB02A6B4251001EB769 /* UIViewController+Extension.swift */ = {isa = PBXFileReference; lastKnownFileType = sourcecode.swift; path = "UIViewController+Extension.swift"; sourceTree = "<group>"; };
		56211DB72A6BDD37001EB769 /* User.swift */ = {isa = PBXFileReference; lastKnownFileType = sourcecode.swift; path = User.swift; sourceTree = "<group>"; };
		56211DB92A6BDDCE001EB769 /* Follower.swift */ = {isa = PBXFileReference; lastKnownFileType = sourcecode.swift; path = Follower.swift; sourceTree = "<group>"; };
		56211DBC2A6BE02C001EB769 /* NetworkManager.swift */ = {isa = PBXFileReference; lastKnownFileType = sourcecode.swift; path = NetworkManager.swift; sourceTree = "<group>"; };
/* End PBXFileReference section */

/* Begin PBXFrameworksBuildPhase section */
		56211D6A2A6B146D001EB769 /* Frameworks */ = {
			isa = PBXFrameworksBuildPhase;
			buildActionMask = 2147483647;
			files = (
			);
			runOnlyForDeploymentPostprocessing = 0;
		};
		56211D802A6B146E001EB769 /* Frameworks */ = {
			isa = PBXFrameworksBuildPhase;
			buildActionMask = 2147483647;
			files = (
			);
			runOnlyForDeploymentPostprocessing = 0;
		};
		56211D8A2A6B146E001EB769 /* Frameworks */ = {
			isa = PBXFrameworksBuildPhase;
			buildActionMask = 2147483647;
			files = (
			);
			runOnlyForDeploymentPostprocessing = 0;
		};
/* End PBXFrameworksBuildPhase section */

/* Begin PBXGroup section */
		56211D642A6B146D001EB769 = {
			isa = PBXGroup;
			children = (
				56211D6F2A6B146D001EB769 /* Github Followers */,
				56211D862A6B146E001EB769 /* Github FollowersTests */,
				56211D902A6B146E001EB769 /* Github FollowersUITests */,
				56211D6E2A6B146D001EB769 /* Products */,
			);
			sourceTree = "<group>";
		};
		56211D6E2A6B146D001EB769 /* Products */ = {
			isa = PBXGroup;
			children = (
				56211D6D2A6B146D001EB769 /* Github Followers.app */,
				56211D832A6B146E001EB769 /* Github FollowersTests.xctest */,
				56211D8D2A6B146E001EB769 /* Github FollowersUITests.xctest */,
			);
			name = Products;
			sourceTree = "<group>";
		};
		56211D6F2A6B146D001EB769 /* Github Followers */ = {
			isa = PBXGroup;
			children = (
				56211DBB2A6BE01B001EB769 /* Managers */,
				56211DB62A6BDD29001EB769 /* Model */,
				56211DB52A6B4774001EB769 /* Support */,
				56211DB42A6B4744001EB769 /* Extensions */,
				56211DB32A6B472C001EB769 /* Custom Views */,
				56211DB22A6B470A001EB769 /* Screens */,
				56211D7E2A6B146E001EB769 /* Info.plist */,
			);
			path = "Github Followers";
			sourceTree = "<group>";
		};
		56211D862A6B146E001EB769 /* Github FollowersTests */ = {
			isa = PBXGroup;
			children = (
				56211D872A6B146E001EB769 /* Github_FollowersTests.swift */,
			);
			path = "Github FollowersTests";
			sourceTree = "<group>";
		};
		56211D902A6B146E001EB769 /* Github FollowersUITests */ = {
			isa = PBXGroup;
			children = (
				56211D912A6B146E001EB769 /* Github_FollowersUITests.swift */,
				56211D932A6B146E001EB769 /* Github_FollowersUITestsLaunchTests.swift */,
			);
			path = "Github FollowersUITests";
			sourceTree = "<group>";
		};
		56211DB22A6B470A001EB769 /* Screens */ = {
			isa = PBXGroup;
			children = (
				56211DA02A6B18D2001EB769 /* SearchViewController.swift */,
				56211DA22A6B1904001EB769 /* FavoritesViewController.swift */,
				56211DA82A6B3318001EB769 /* FollowerViewController.swift */,
			);
			path = Screens;
			sourceTree = "<group>";
		};
		56211DB32A6B472C001EB769 /* Custom Views */ = {
			isa = PBXGroup;
			children = (
				56211DAE2A6B3C37001EB769 /* GFAlertViewController.swift */,
				56211DA42A6B20EA001EB769 /* GFButton.swift */,
				56211DA62A6B23F1001EB769 /* GFTextField.swift */,
				56211DAA2A6B3A2A001EB769 /* GFTitleLabel.swift */,
				56211DAC2A6B3B76001EB769 /* GFBodyLabel.swift */,
			);
			path = "Custom Views";
			sourceTree = "<group>";
		};
		56211DB42A6B4744001EB769 /* Extensions */ = {
			isa = PBXGroup;
			children = (
				56211DB02A6B4251001EB769 /* UIViewController+Extension.swift */,
			);
			path = Extensions;
			sourceTree = "<group>";
		};
		56211DB52A6B4774001EB769 /* Support */ = {
			isa = PBXGroup;
			children = (
				56211D702A6B146D001EB769 /* AppDelegate.swift */,
				56211D722A6B146D001EB769 /* SceneDelegate.swift */,
				56211D742A6B146D001EB769 /* ViewController.swift */,
				56211D792A6B146E001EB769 /* Assets.xcassets */,
				56211D7B2A6B146E001EB769 /* LaunchScreen.storyboard */,
			);
			path = Support;
			sourceTree = "<group>";
		};
		56211DB62A6BDD29001EB769 /* Model */ = {
			isa = PBXGroup;
			children = (
				56211DB72A6BDD37001EB769 /* User.swift */,
				56211DB92A6BDDCE001EB769 /* Follower.swift */,
			);
			path = Model;
			sourceTree = "<group>";
		};
		56211DBB2A6BE01B001EB769 /* Managers */ = {
			isa = PBXGroup;
			children = (
				56211DBC2A6BE02C001EB769 /* NetworkManager.swift */,
			);
			path = Managers;
			sourceTree = "<group>";
		};
/* End PBXGroup section */

/* Begin PBXNativeTarget section */
		56211D6C2A6B146D001EB769 /* Github Followers */ = {
			isa = PBXNativeTarget;
			buildConfigurationList = 56211D972A6B146E001EB769 /* Build configuration list for PBXNativeTarget "Github Followers" */;
			buildPhases = (
				56211D692A6B146D001EB769 /* Sources */,
				56211D6A2A6B146D001EB769 /* Frameworks */,
				56211D6B2A6B146D001EB769 /* Resources */,
			);
			buildRules = (
			);
			dependencies = (
			);
			name = "Github Followers";
			productName = "Github Followers";
			productReference = 56211D6D2A6B146D001EB769 /* Github Followers.app */;
			productType = "com.apple.product-type.application";
		};
		56211D822A6B146E001EB769 /* Github FollowersTests */ = {
			isa = PBXNativeTarget;
			buildConfigurationList = 56211D9A2A6B146E001EB769 /* Build configuration list for PBXNativeTarget "Github FollowersTests" */;
			buildPhases = (
				56211D7F2A6B146E001EB769 /* Sources */,
				56211D802A6B146E001EB769 /* Frameworks */,
				56211D812A6B146E001EB769 /* Resources */,
			);
			buildRules = (
			);
			dependencies = (
				56211D852A6B146E001EB769 /* PBXTargetDependency */,
			);
			name = "Github FollowersTests";
			productName = "Github FollowersTests";
			productReference = 56211D832A6B146E001EB769 /* Github FollowersTests.xctest */;
			productType = "com.apple.product-type.bundle.unit-test";
		};
		56211D8C2A6B146E001EB769 /* Github FollowersUITests */ = {
			isa = PBXNativeTarget;
			buildConfigurationList = 56211D9D2A6B146E001EB769 /* Build configuration list for PBXNativeTarget "Github FollowersUITests" */;
			buildPhases = (
				56211D892A6B146E001EB769 /* Sources */,
				56211D8A2A6B146E001EB769 /* Frameworks */,
				56211D8B2A6B146E001EB769 /* Resources */,
			);
			buildRules = (
			);
			dependencies = (
				56211D8F2A6B146E001EB769 /* PBXTargetDependency */,
			);
			name = "Github FollowersUITests";
			productName = "Github FollowersUITests";
			productReference = 56211D8D2A6B146E001EB769 /* Github FollowersUITests.xctest */;
			productType = "com.apple.product-type.bundle.ui-testing";
		};
/* End PBXNativeTarget section */

/* Begin PBXProject section */
		56211D652A6B146D001EB769 /* Project object */ = {
			isa = PBXProject;
			attributes = {
				BuildIndependentTargetsInParallel = 1;
				LastSwiftUpdateCheck = 1430;
				LastUpgradeCheck = 1430;
				TargetAttributes = {
					56211D6C2A6B146D001EB769 = {
						CreatedOnToolsVersion = 14.3;
					};
					56211D822A6B146E001EB769 = {
						CreatedOnToolsVersion = 14.3;
						TestTargetID = 56211D6C2A6B146D001EB769;
					};
					56211D8C2A6B146E001EB769 = {
						CreatedOnToolsVersion = 14.3;
						TestTargetID = 56211D6C2A6B146D001EB769;
					};
				};
			};
			buildConfigurationList = 56211D682A6B146D001EB769 /* Build configuration list for PBXProject "Github Followers" */;
			compatibilityVersion = "Xcode 14.0";
			developmentRegion = en;
			hasScannedForEncodings = 0;
			knownRegions = (
				en,
				Base,
			);
			mainGroup = 56211D642A6B146D001EB769;
			productRefGroup = 56211D6E2A6B146D001EB769 /* Products */;
			projectDirPath = "";
			projectRoot = "";
			targets = (
				56211D6C2A6B146D001EB769 /* Github Followers */,
				56211D822A6B146E001EB769 /* Github FollowersTests */,
				56211D8C2A6B146E001EB769 /* Github FollowersUITests */,
			);
		};
/* End PBXProject section */

/* Begin PBXResourcesBuildPhase section */
		56211D6B2A6B146D001EB769 /* Resources */ = {
			isa = PBXResourcesBuildPhase;
			buildActionMask = 2147483647;
			files = (
				56211D7D2A6B146E001EB769 /* LaunchScreen.storyboard in Resources */,
				56211D7A2A6B146E001EB769 /* Assets.xcassets in Resources */,
			);
			runOnlyForDeploymentPostprocessing = 0;
		};
		56211D812A6B146E001EB769 /* Resources */ = {
			isa = PBXResourcesBuildPhase;
			buildActionMask = 2147483647;
			files = (
			);
			runOnlyForDeploymentPostprocessing = 0;
		};
		56211D8B2A6B146E001EB769 /* Resources */ = {
			isa = PBXResourcesBuildPhase;
			buildActionMask = 2147483647;
			files = (
			);
			runOnlyForDeploymentPostprocessing = 0;
		};
/* End PBXResourcesBuildPhase section */

/* Begin PBXSourcesBuildPhase section */
		56211D692A6B146D001EB769 /* Sources */ = {
			isa = PBXSourcesBuildPhase;
			buildActionMask = 2147483647;
			files = (
				56211DB82A6BDD37001EB769 /* User.swift in Sources */,
				56211DBA2A6BDDCE001EB769 /* Follower.swift in Sources */,
				56211DB12A6B4251001EB769 /* UIViewController+Extension.swift in Sources */,
				56211DA92A6B3318001EB769 /* FollowerViewController.swift in Sources */,
				56211D752A6B146D001EB769 /* ViewController.swift in Sources */,
				56211D712A6B146D001EB769 /* AppDelegate.swift in Sources */,
				56211DA52A6B20EA001EB769 /* GFButton.swift in Sources */,
				56211DA12A6B18D2001EB769 /* SearchViewController.swift in Sources */,
				56211DAF2A6B3C37001EB769 /* GFAlertViewController.swift in Sources */,
				56211DA32A6B1904001EB769 /* FavoritesViewController.swift in Sources */,
				56211DAB2A6B3A2A001EB769 /* GFTitleLabel.swift in Sources */,
				56211D732A6B146D001EB769 /* SceneDelegate.swift in Sources */,
				56211DBD2A6BE02C001EB769 /* NetworkManager.swift in Sources */,
				56211DA72A6B23F1001EB769 /* GFTextField.swift in Sources */,
				56211DAD2A6B3B76001EB769 /* GFBodyLabel.swift in Sources */,
			);
			runOnlyForDeploymentPostprocessing = 0;
		};
		56211D7F2A6B146E001EB769 /* Sources */ = {
			isa = PBXSourcesBuildPhase;
			buildActionMask = 2147483647;
			files = (
				56211D882A6B146E001EB769 /* Github_FollowersTests.swift in Sources */,
			);
			runOnlyForDeploymentPostprocessing = 0;
		};
		56211D892A6B146E001EB769 /* Sources */ = {
			isa = PBXSourcesBuildPhase;
			buildActionMask = 2147483647;
			files = (
				56211D922A6B146E001EB769 /* Github_FollowersUITests.swift in Sources */,
				56211D942A6B146E001EB769 /* Github_FollowersUITestsLaunchTests.swift in Sources */,
			);
			runOnlyForDeploymentPostprocessing = 0;
		};
/* End PBXSourcesBuildPhase section */

/* Begin PBXTargetDependency section */
		56211D852A6B146E001EB769 /* PBXTargetDependency */ = {
			isa = PBXTargetDependency;
			target = 56211D6C2A6B146D001EB769 /* Github Followers */;
			targetProxy = 56211D842A6B146E001EB769 /* PBXContainerItemProxy */;
		};
		56211D8F2A6B146E001EB769 /* PBXTargetDependency */ = {
			isa = PBXTargetDependency;
			target = 56211D6C2A6B146D001EB769 /* Github Followers */;
			targetProxy = 56211D8E2A6B146E001EB769 /* PBXContainerItemProxy */;
		};
/* End PBXTargetDependency section */

/* Begin PBXVariantGroup section */
		56211D7B2A6B146E001EB769 /* LaunchScreen.storyboard */ = {
			isa = PBXVariantGroup;
			children = (
				56211D7C2A6B146E001EB769 /* Base */,
			);
			name = LaunchScreen.storyboard;
			sourceTree = "<group>";
		};
/* End PBXVariantGroup section */

/* Begin XCBuildConfiguration section */
		56211D952A6B146E001EB769 /* Debug */ = {
			isa = XCBuildConfiguration;
			buildSettings = {
				ALWAYS_SEARCH_USER_PATHS = NO;
				CLANG_ANALYZER_NONNULL = YES;
				CLANG_ANALYZER_NUMBER_OBJECT_CONVERSION = YES_AGGRESSIVE;
				CLANG_CXX_LANGUAGE_STANDARD = "gnu++20";
				CLANG_ENABLE_MODULES = YES;
				CLANG_ENABLE_OBJC_ARC = YES;
				CLANG_ENABLE_OBJC_WEAK = YES;
				CLANG_WARN_BLOCK_CAPTURE_AUTORELEASING = YES;
				CLANG_WARN_BOOL_CONVERSION = YES;
				CLANG_WARN_COMMA = YES;
				CLANG_WARN_CONSTANT_CONVERSION = YES;
				CLANG_WARN_DEPRECATED_OBJC_IMPLEMENTATIONS = YES;
				CLANG_WARN_DIRECT_OBJC_ISA_USAGE = YES_ERROR;
				CLANG_WARN_DOCUMENTATION_COMMENTS = YES;
				CLANG_WARN_EMPTY_BODY = YES;
				CLANG_WARN_ENUM_CONVERSION = YES;
				CLANG_WARN_INFINITE_RECURSION = YES;
				CLANG_WARN_INT_CONVERSION = YES;
				CLANG_WARN_NON_LITERAL_NULL_CONVERSION = YES;
				CLANG_WARN_OBJC_IMPLICIT_RETAIN_SELF = YES;
				CLANG_WARN_OBJC_LITERAL_CONVERSION = YES;
				CLANG_WARN_OBJC_ROOT_CLASS = YES_ERROR;
				CLANG_WARN_QUOTED_INCLUDE_IN_FRAMEWORK_HEADER = YES;
				CLANG_WARN_RANGE_LOOP_ANALYSIS = YES;
				CLANG_WARN_STRICT_PROTOTYPES = YES;
				CLANG_WARN_SUSPICIOUS_MOVE = YES;
				CLANG_WARN_UNGUARDED_AVAILABILITY = YES_AGGRESSIVE;
				CLANG_WARN_UNREACHABLE_CODE = YES;
				CLANG_WARN__DUPLICATE_METHOD_MATCH = YES;
				COPY_PHASE_STRIP = NO;
				DEBUG_INFORMATION_FORMAT = dwarf;
				ENABLE_STRICT_OBJC_MSGSEND = YES;
				ENABLE_TESTABILITY = YES;
				GCC_C_LANGUAGE_STANDARD = gnu11;
				GCC_DYNAMIC_NO_PIC = NO;
				GCC_NO_COMMON_BLOCKS = YES;
				GCC_OPTIMIZATION_LEVEL = 0;
				GCC_PREPROCESSOR_DEFINITIONS = (
					"DEBUG=1",
					"$(inherited)",
				);
				GCC_WARN_64_TO_32_BIT_CONVERSION = YES;
				GCC_WARN_ABOUT_RETURN_TYPE = YES_ERROR;
				GCC_WARN_UNDECLARED_SELECTOR = YES;
				GCC_WARN_UNINITIALIZED_AUTOS = YES_AGGRESSIVE;
				GCC_WARN_UNUSED_FUNCTION = YES;
				GCC_WARN_UNUSED_VARIABLE = YES;
				IPHONEOS_DEPLOYMENT_TARGET = 16.4;
				MTL_ENABLE_DEBUG_INFO = INCLUDE_SOURCE;
				MTL_FAST_MATH = YES;
				ONLY_ACTIVE_ARCH = YES;
				SDKROOT = iphoneos;
				SWIFT_ACTIVE_COMPILATION_CONDITIONS = DEBUG;
				SWIFT_OPTIMIZATION_LEVEL = "-Onone";
			};
			name = Debug;
		};
		56211D962A6B146E001EB769 /* Release */ = {
			isa = XCBuildConfiguration;
			buildSettings = {
				ALWAYS_SEARCH_USER_PATHS = NO;
				CLANG_ANALYZER_NONNULL = YES;
				CLANG_ANALYZER_NUMBER_OBJECT_CONVERSION = YES_AGGRESSIVE;
				CLANG_CXX_LANGUAGE_STANDARD = "gnu++20";
				CLANG_ENABLE_MODULES = YES;
				CLANG_ENABLE_OBJC_ARC = YES;
				CLANG_ENABLE_OBJC_WEAK = YES;
				CLANG_WARN_BLOCK_CAPTURE_AUTORELEASING = YES;
				CLANG_WARN_BOOL_CONVERSION = YES;
				CLANG_WARN_COMMA = YES;
				CLANG_WARN_CONSTANT_CONVERSION = YES;
				CLANG_WARN_DEPRECATED_OBJC_IMPLEMENTATIONS = YES;
				CLANG_WARN_DIRECT_OBJC_ISA_USAGE = YES_ERROR;
				CLANG_WARN_DOCUMENTATION_COMMENTS = YES;
				CLANG_WARN_EMPTY_BODY = YES;
				CLANG_WARN_ENUM_CONVERSION = YES;
				CLANG_WARN_INFINITE_RECURSION = YES;
				CLANG_WARN_INT_CONVERSION = YES;
				CLANG_WARN_NON_LITERAL_NULL_CONVERSION = YES;
				CLANG_WARN_OBJC_IMPLICIT_RETAIN_SELF = YES;
				CLANG_WARN_OBJC_LITERAL_CONVERSION = YES;
				CLANG_WARN_OBJC_ROOT_CLASS = YES_ERROR;
				CLANG_WARN_QUOTED_INCLUDE_IN_FRAMEWORK_HEADER = YES;
				CLANG_WARN_RANGE_LOOP_ANALYSIS = YES;
				CLANG_WARN_STRICT_PROTOTYPES = YES;
				CLANG_WARN_SUSPICIOUS_MOVE = YES;
				CLANG_WARN_UNGUARDED_AVAILABILITY = YES_AGGRESSIVE;
				CLANG_WARN_UNREACHABLE_CODE = YES;
				CLANG_WARN__DUPLICATE_METHOD_MATCH = YES;
				COPY_PHASE_STRIP = NO;
				DEBUG_INFORMATION_FORMAT = "dwarf-with-dsym";
				ENABLE_NS_ASSERTIONS = NO;
				ENABLE_STRICT_OBJC_MSGSEND = YES;
				GCC_C_LANGUAGE_STANDARD = gnu11;
				GCC_NO_COMMON_BLOCKS = YES;
				GCC_WARN_64_TO_32_BIT_CONVERSION = YES;
				GCC_WARN_ABOUT_RETURN_TYPE = YES_ERROR;
				GCC_WARN_UNDECLARED_SELECTOR = YES;
				GCC_WARN_UNINITIALIZED_AUTOS = YES_AGGRESSIVE;
				GCC_WARN_UNUSED_FUNCTION = YES;
				GCC_WARN_UNUSED_VARIABLE = YES;
				IPHONEOS_DEPLOYMENT_TARGET = 16.4;
				MTL_ENABLE_DEBUG_INFO = NO;
				MTL_FAST_MATH = YES;
				SDKROOT = iphoneos;
				SWIFT_COMPILATION_MODE = wholemodule;
				SWIFT_OPTIMIZATION_LEVEL = "-O";
				VALIDATE_PRODUCT = YES;
			};
			name = Release;
		};
		56211D982A6B146E001EB769 /* Debug */ = {
			isa = XCBuildConfiguration;
			buildSettings = {
				ASSETCATALOG_COMPILER_APPICON_NAME = AppIcon;
				ASSETCATALOG_COMPILER_GLOBAL_ACCENT_COLOR_NAME = AccentColor;
				CODE_SIGN_STYLE = Automatic;
				CURRENT_PROJECT_VERSION = 1;
				DEVELOPMENT_TEAM = SJ9HXADZ9T;
				GENERATE_INFOPLIST_FILE = YES;
				INFOPLIST_FILE = "Github Followers/Info.plist";
				INFOPLIST_KEY_UIApplicationSupportsIndirectInputEvents = YES;
				INFOPLIST_KEY_UILaunchStoryboardName = LaunchScreen;
				INFOPLIST_KEY_UISupportedInterfaceOrientations = UIInterfaceOrientationPortrait;
				INFOPLIST_KEY_UISupportedInterfaceOrientations_iPad = "UIInterfaceOrientationLandscapeLeft UIInterfaceOrientationLandscapeRight UIInterfaceOrientationPortrait UIInterfaceOrientationPortraitUpsideDown";
				LD_RUNPATH_SEARCH_PATHS = (
					"$(inherited)",
					"@executable_path/Frameworks",
				);
				MARKETING_VERSION = 1.0;
				PRODUCT_BUNDLE_IDENTIFIER = "Mehmet-Ali.Github-Followers";
				PRODUCT_NAME = "$(TARGET_NAME)";
				SUPPORTED_PLATFORMS = "iphoneos iphonesimulator";
				SUPPORTS_MACCATALYST = NO;
				SUPPORTS_MAC_DESIGNED_FOR_IPHONE_IPAD = NO;
				SWIFT_EMIT_LOC_STRINGS = YES;
				SWIFT_VERSION = 5.0;
				TARGETED_DEVICE_FAMILY = 1;
			};
			name = Debug;
		};
		56211D992A6B146E001EB769 /* Release */ = {
			isa = XCBuildConfiguration;
			buildSettings = {
				ASSETCATALOG_COMPILER_APPICON_NAME = AppIcon;
				ASSETCATALOG_COMPILER_GLOBAL_ACCENT_COLOR_NAME = AccentColor;
				CODE_SIGN_STYLE = Automatic;
				CURRENT_PROJECT_VERSION = 1;
				DEVELOPMENT_TEAM = SJ9HXADZ9T;
				GENERATE_INFOPLIST_FILE = YES;
				INFOPLIST_FILE = "Github Followers/Info.plist";
				INFOPLIST_KEY_UIApplicationSupportsIndirectInputEvents = YES;
				INFOPLIST_KEY_UILaunchStoryboardName = LaunchScreen;
				INFOPLIST_KEY_UISupportedInterfaceOrientations = UIInterfaceOrientationPortrait;
				INFOPLIST_KEY_UISupportedInterfaceOrientations_iPad = "UIInterfaceOrientationLandscapeLeft UIInterfaceOrientationLandscapeRight UIInterfaceOrientationPortrait UIInterfaceOrientationPortraitUpsideDown";
				LD_RUNPATH_SEARCH_PATHS = (
					"$(inherited)",
					"@executable_path/Frameworks",
				);
				MARKETING_VERSION = 1.0;
				PRODUCT_BUNDLE_IDENTIFIER = "Mehmet-Ali.Github-Followers";
				PRODUCT_NAME = "$(TARGET_NAME)";
				SUPPORTED_PLATFORMS = "iphoneos iphonesimulator";
				SUPPORTS_MACCATALYST = NO;
				SUPPORTS_MAC_DESIGNED_FOR_IPHONE_IPAD = NO;
				SWIFT_EMIT_LOC_STRINGS = YES;
				SWIFT_VERSION = 5.0;
				TARGETED_DEVICE_FAMILY = 1;
			};
			name = Release;
		};
		56211D9B2A6B146E001EB769 /* Debug */ = {
			isa = XCBuildConfiguration;
			buildSettings = {
				ALWAYS_EMBED_SWIFT_STANDARD_LIBRARIES = YES;
				BUNDLE_LOADER = "$(TEST_HOST)";
				CODE_SIGN_STYLE = Automatic;
				CURRENT_PROJECT_VERSION = 1;
				DEVELOPMENT_TEAM = SJ9HXADZ9T;
				GENERATE_INFOPLIST_FILE = YES;
				IPHONEOS_DEPLOYMENT_TARGET = 16.4;
				MARKETING_VERSION = 1.0;
				PRODUCT_BUNDLE_IDENTIFIER = "Mehmet-Ali.Github-FollowersTests";
				PRODUCT_NAME = "$(TARGET_NAME)";
				SWIFT_EMIT_LOC_STRINGS = NO;
				SWIFT_VERSION = 5.0;
				TARGETED_DEVICE_FAMILY = "1,2";
				TEST_HOST = "$(BUILT_PRODUCTS_DIR)/Github Followers.app/$(BUNDLE_EXECUTABLE_FOLDER_PATH)/Github Followers";
			};
			name = Debug;
		};
		56211D9C2A6B146E001EB769 /* Release */ = {
			isa = XCBuildConfiguration;
			buildSettings = {
				ALWAYS_EMBED_SWIFT_STANDARD_LIBRARIES = YES;
				BUNDLE_LOADER = "$(TEST_HOST)";
				CODE_SIGN_STYLE = Automatic;
				CURRENT_PROJECT_VERSION = 1;
				DEVELOPMENT_TEAM = SJ9HXADZ9T;
				GENERATE_INFOPLIST_FILE = YES;
				IPHONEOS_DEPLOYMENT_TARGET = 16.4;
				MARKETING_VERSION = 1.0;
				PRODUCT_BUNDLE_IDENTIFIER = "Mehmet-Ali.Github-FollowersTests";
				PRODUCT_NAME = "$(TARGET_NAME)";
				SWIFT_EMIT_LOC_STRINGS = NO;
				SWIFT_VERSION = 5.0;
				TARGETED_DEVICE_FAMILY = "1,2";
				TEST_HOST = "$(BUILT_PRODUCTS_DIR)/Github Followers.app/$(BUNDLE_EXECUTABLE_FOLDER_PATH)/Github Followers";
			};
			name = Release;
		};
		56211D9E2A6B146E001EB769 /* Debug */ = {
			isa = XCBuildConfiguration;
			buildSettings = {
				ALWAYS_EMBED_SWIFT_STANDARD_LIBRARIES = YES;
				CODE_SIGN_STYLE = Automatic;
				CURRENT_PROJECT_VERSION = 1;
				DEVELOPMENT_TEAM = SJ9HXADZ9T;
				GENERATE_INFOPLIST_FILE = YES;
				MARKETING_VERSION = 1.0;
				PRODUCT_BUNDLE_IDENTIFIER = "Mehmet-Ali.Github-FollowersUITests";
				PRODUCT_NAME = "$(TARGET_NAME)";
				SWIFT_EMIT_LOC_STRINGS = NO;
				SWIFT_VERSION = 5.0;
				TARGETED_DEVICE_FAMILY = "1,2";
				TEST_TARGET_NAME = "Github Followers";
			};
			name = Debug;
		};
		56211D9F2A6B146E001EB769 /* Release */ = {
			isa = XCBuildConfiguration;
			buildSettings = {
				ALWAYS_EMBED_SWIFT_STANDARD_LIBRARIES = YES;
				CODE_SIGN_STYLE = Automatic;
				CURRENT_PROJECT_VERSION = 1;
				DEVELOPMENT_TEAM = SJ9HXADZ9T;
				GENERATE_INFOPLIST_FILE = YES;
				MARKETING_VERSION = 1.0;
				PRODUCT_BUNDLE_IDENTIFIER = "Mehmet-Ali.Github-FollowersUITests";
				PRODUCT_NAME = "$(TARGET_NAME)";
				SWIFT_EMIT_LOC_STRINGS = NO;
				SWIFT_VERSION = 5.0;
				TARGETED_DEVICE_FAMILY = "1,2";
				TEST_TARGET_NAME = "Github Followers";
			};
			name = Release;
		};
/* End XCBuildConfiguration section */

/* Begin XCConfigurationList section */
		56211D682A6B146D001EB769 /* Build configuration list for PBXProject "Github Followers" */ = {
			isa = XCConfigurationList;
			buildConfigurations = (
				56211D952A6B146E001EB769 /* Debug */,
				56211D962A6B146E001EB769 /* Release */,
			);
			defaultConfigurationIsVisible = 0;
			defaultConfigurationName = Release;
		};
		56211D972A6B146E001EB769 /* Build configuration list for PBXNativeTarget "Github Followers" */ = {
			isa = XCConfigurationList;
			buildConfigurations = (
				56211D982A6B146E001EB769 /* Debug */,
				56211D992A6B146E001EB769 /* Release */,
			);
			defaultConfigurationIsVisible = 0;
			defaultConfigurationName = Release;
		};
		56211D9A2A6B146E001EB769 /* Build configuration list for PBXNativeTarget "Github FollowersTests" */ = {
			isa = XCConfigurationList;
			buildConfigurations = (
				56211D9B2A6B146E001EB769 /* Debug */,
				56211D9C2A6B146E001EB769 /* Release */,
			);
			defaultConfigurationIsVisible = 0;
			defaultConfigurationName = Release;
		};
		56211D9D2A6B146E001EB769 /* Build configuration list for PBXNativeTarget "Github FollowersUITests" */ = {
			isa = XCConfigurationList;
			buildConfigurations = (
				56211D9E2A6B146E001EB769 /* Debug */,
				56211D9F2A6B146E001EB769 /* Release */,
			);
			defaultConfigurationIsVisible = 0;
			defaultConfigurationName = Release;
		};
/* End XCConfigurationList section */
	};
	rootObject = 56211D652A6B146D001EB769 /* Project object */;
}
