// !$*UTF8*$!
{
	archiveVersion = 1;
	classes = {
	};
	objectVersion = 56;
	objects = {

/* Begin PBXBuildFile section */
		560F98412D3BAD90006E69F4 /* FollowerListViewController.swift in Sources */ = {isa = PBXBuildFile; fileRef = 560F98402D3BAD90006E69F4 /* FollowerListViewController.swift */; };
		560F98432D3BADAD006E69F4 /* FollowerListBuilder.swift in Sources */ = {isa = PBXBuildFile; fileRef = 560F98422D3BADAD006E69F4 /* FollowerListBuilder.swift */; };
		566F43662D384F8900F08E5A /* User.swift in Sources */ = {isa = PBXBuildFile; fileRef = 566F43652D384F8900F08E5A /* User.swift */; };
		566F43682D384FEB00F08E5A /* Follower.swift in Sources */ = {isa = PBXBuildFile; fileRef = 566F43672D384FEB00F08E5A /* Follower.swift */; };
		5690AB9F2D2AFAC1005EB5FD /* AppDelegate.swift in Sources */ = {isa = PBXBuildFile; fileRef = 5690AB9E2D2AFAC1005EB5FD /* AppDelegate.swift */; };
		5690ABA12D2AFAC1005EB5FD /* SceneDelegate.swift in Sources */ = {isa = PBXBuildFile; fileRef = 5690ABA02D2AFAC1005EB5FD /* SceneDelegate.swift */; };
		5690ABA32D2AFAC1005EB5FD /* SearchViewController.swift in Sources */ = {isa = PBXBuildFile; fileRef = 5690ABA22D2AFAC1005EB5FD /* SearchViewController.swift */; };
		5690ABA82D2AFAC2005EB5FD /* Assets.xcassets in Resources */ = {isa = PBXBuildFile; fileRef = 5690ABA72D2AFAC2005EB5FD /* Assets.xcassets */; };
		5690ABAB2D2AFAC2005EB5FD /* Base in Resources */ = {isa = PBXBuildFile; fileRef = 5690ABAA2D2AFAC2005EB5FD /* Base */; };
		5690ABBA2D2AFBE6005EB5FD /* SearchBuilder.swift in Sources */ = {isa = PBXBuildFile; fileRef = 5690ABB92D2AFBE6005EB5FD /* SearchBuilder.swift */; };
		5690ABBC2D2AFD0C005EB5FD /* SearchViewModel.swift in Sources */ = {isa = PBXBuildFile; fileRef = 5690ABBB2D2AFD0C005EB5FD /* SearchViewModel.swift */; };
		5690ABBF2D358BEC005EB5FD /* SnapKit in Frameworks */ = {isa = PBXBuildFile; productRef = 5690ABBE2D358BEC005EB5FD /* SnapKit */; };
		5690ABC12D358BEC005EB5FD /* SnapKit-Dynamic in Frameworks */ = {isa = PBXBuildFile; productRef = 5690ABC02D358BEC005EB5FD /* SnapKit-Dynamic */; };
		5690ABC42D358C02005EB5FD /* Kingfisher in Frameworks */ = {isa = PBXBuildFile; productRef = 5690ABC32D358C02005EB5FD /* Kingfisher */; };
		5690ABC72D358C7F005EB5FD /* GFTextField.swift in Sources */ = {isa = PBXBuildFile; fileRef = 5690ABC62D358C7F005EB5FD /* GFTextField.swift */; };
		5690ABC92D359011005EB5FD /* GFButton.swift in Sources */ = {isa = PBXBuildFile; fileRef = 5690ABC82D359011005EB5FD /* GFButton.swift */; };
		5690ABCD2D359421005EB5FD /* NetworkManager.swift in Sources */ = {isa = PBXBuildFile; fileRef = 5690ABCC2D359421005EB5FD /* NetworkManager.swift */; };
		5690ABCF2D3594B5005EB5FD /* Endpoint.swift in Sources */ = {isa = PBXBuildFile; fileRef = 5690ABCE2D3594B5005EB5FD /* Endpoint.swift */; };
/* End PBXBuildFile section */

/* Begin PBXFileReference section */
		560F98402D3BAD90006E69F4 /* FollowerListViewController.swift */ = {isa = PBXFileReference; lastKnownFileType = sourcecode.swift; path = FollowerListViewController.swift; sourceTree = "<group>"; };
		560F98422D3BADAD006E69F4 /* FollowerListBuilder.swift */ = {isa = PBXFileReference; lastKnownFileType = sourcecode.swift; path = FollowerListBuilder.swift; sourceTree = "<group>"; };
		566F43652D384F8900F08E5A /* User.swift */ = {isa = PBXFileReference; lastKnownFileType = sourcecode.swift; path = User.swift; sourceTree = "<group>"; };
		566F43672D384FEB00F08E5A /* Follower.swift */ = {isa = PBXFileReference; lastKnownFileType = sourcecode.swift; path = Follower.swift; sourceTree = "<group>"; };
		5690AB9B2D2AFAC1005EB5FD /* GithubFollowers.app */ = {isa = PBXFileReference; explicitFileType = wrapper.application; includeInIndex = 0; path = GithubFollowers.app; sourceTree = BUILT_PRODUCTS_DIR; };
		5690AB9E2D2AFAC1005EB5FD /* AppDelegate.swift */ = {isa = PBXFileReference; lastKnownFileType = sourcecode.swift; path = AppDelegate.swift; sourceTree = "<group>"; };
		5690ABA02D2AFAC1005EB5FD /* SceneDelegate.swift */ = {isa = PBXFileReference; lastKnownFileType = sourcecode.swift; path = SceneDelegate.swift; sourceTree = "<group>"; };
		5690ABA22D2AFAC1005EB5FD /* SearchViewController.swift */ = {isa = PBXFileReference; lastKnownFileType = sourcecode.swift; path = SearchViewController.swift; sourceTree = "<group>"; };
		5690ABA72D2AFAC2005EB5FD /* Assets.xcassets */ = {isa = PBXFileReference; lastKnownFileType = folder.assetcatalog; path = Assets.xcassets; sourceTree = "<group>"; };
		5690ABAA2D2AFAC2005EB5FD /* Base */ = {isa = PBXFileReference; lastKnownFileType = file.storyboard; name = Base; path = Base.lproj/LaunchScreen.storyboard; sourceTree = "<group>"; };
		5690ABAC2D2AFAC2005EB5FD /* Info.plist */ = {isa = PBXFileReference; lastKnownFileType = text.plist.xml; path = Info.plist; sourceTree = "<group>"; };
		5690ABB92D2AFBE6005EB5FD /* SearchBuilder.swift */ = {isa = PBXFileReference; lastKnownFileType = sourcecode.swift; path = SearchBuilder.swift; sourceTree = "<group>"; };
		5690ABBB2D2AFD0C005EB5FD /* SearchViewModel.swift */ = {isa = PBXFileReference; lastKnownFileType = sourcecode.swift; path = SearchViewModel.swift; sourceTree = "<group>"; };
		5690ABC62D358C7F005EB5FD /* GFTextField.swift */ = {isa = PBXFileReference; lastKnownFileType = sourcecode.swift; path = GFTextField.swift; sourceTree = "<group>"; };
		5690ABC82D359011005EB5FD /* GFButton.swift */ = {isa = PBXFileReference; lastKnownFileType = sourcecode.swift; path = GFButton.swift; sourceTree = "<group>"; };
		5690ABCC2D359421005EB5FD /* NetworkManager.swift */ = {isa = PBXFileReference; lastKnownFileType = sourcecode.swift; path = NetworkManager.swift; sourceTree = "<group>"; };
		5690ABCE2D3594B5005EB5FD /* Endpoint.swift */ = {isa = PBXFileReference; lastKnownFileType = sourcecode.swift; path = Endpoint.swift; sourceTree = "<group>"; };
/* End PBXFileReference section */

/* Begin PBXFrameworksBuildPhase section */
		5690AB982D2AFAC1005EB5FD /* Frameworks */ = {
			isa = PBXFrameworksBuildPhase;
			buildActionMask = 2147483647;
			files = (
				5690ABC42D358C02005EB5FD /* Kingfisher in Frameworks */,
				5690ABBF2D358BEC005EB5FD /* SnapKit in Frameworks */,
				5690ABC12D358BEC005EB5FD /* SnapKit-Dynamic in Frameworks */,
			);
			runOnlyForDeploymentPostprocessing = 0;
		};
/* End PBXFrameworksBuildPhase section */

/* Begin PBXGroup section */
		560F983F2D3BAD80006E69F4 /* FollowerList */ = {
			isa = PBXGroup;
			children = (
				560F98402D3BAD90006E69F4 /* FollowerListViewController.swift */,
				560F98422D3BADAD006E69F4 /* FollowerListBuilder.swift */,
			);
			path = FollowerList;
			sourceTree = "<group>";
		};
		566F43642D384F7300F08E5A /* Model */ = {
			isa = PBXGroup;
			children = (
				566F43652D384F8900F08E5A /* User.swift */,
				566F43672D384FEB00F08E5A /* Follower.swift */,
			);
			path = Model;
			sourceTree = "<group>";
		};
		5690AB922D2AFAC1005EB5FD = {
			isa = PBXGroup;
			children = (
				5690AB9D2D2AFAC1005EB5FD /* GithubFollowers */,
				5690AB9C2D2AFAC1005EB5FD /* Products */,
			);
			sourceTree = "<group>";
		};
		5690AB9C2D2AFAC1005EB5FD /* Products */ = {
			isa = PBXGroup;
			children = (
				5690AB9B2D2AFAC1005EB5FD /* GithubFollowers.app */,
			);
			name = Products;
			sourceTree = "<group>";
		};
		5690AB9D2D2AFAC1005EB5FD /* GithubFollowers */ = {
			isa = PBXGroup;
			children = (
				566F43642D384F7300F08E5A /* Model */,
				5690ABCA2D35940B005EB5FD /* Manager */,
				5690ABC52D358C3A005EB5FD /* View */,
				5690ABB22D2AFAD9005EB5FD /* Delegate */,
				5690ABB42D2AFAF3005EB5FD /* Feature */,
				5690ABB32D2AFAE6005EB5FD /* Resource */,
			);
			path = GithubFollowers;
			sourceTree = "<group>";
		};
		5690ABB22D2AFAD9005EB5FD /* Delegate */ = {
			isa = PBXGroup;
			children = (
				5690AB9E2D2AFAC1005EB5FD /* AppDelegate.swift */,
				5690ABA02D2AFAC1005EB5FD /* SceneDelegate.swift */,
			);
			path = Delegate;
			sourceTree = "<group>";
		};
		5690ABB32D2AFAE6005EB5FD /* Resource */ = {
			isa = PBXGroup;
			children = (
				5690ABA72D2AFAC2005EB5FD /* Assets.xcassets */,
				5690ABA92D2AFAC2005EB5FD /* LaunchScreen.storyboard */,
				5690ABAC2D2AFAC2005EB5FD /* Info.plist */,
			);
			path = Resource;
			sourceTree = "<group>";
		};
		5690ABB42D2AFAF3005EB5FD /* Feature */ = {
			isa = PBXGroup;
			children = (
				560F983F2D3BAD80006E69F4 /* FollowerList */,
				5690ABB82D2AFBCE005EB5FD /* Search */,
			);
			path = Feature;
			sourceTree = "<group>";
		};
		5690ABB82D2AFBCE005EB5FD /* Search */ = {
			isa = PBXGroup;
			children = (
				5690ABA22D2AFAC1005EB5FD /* SearchViewController.swift */,
				5690ABB92D2AFBE6005EB5FD /* SearchBuilder.swift */,
				5690ABBB2D2AFD0C005EB5FD /* SearchViewModel.swift */,
			);
			path = Search;
			sourceTree = "<group>";
		};
		5690ABC52D358C3A005EB5FD /* View */ = {
			isa = PBXGroup;
			children = (
				5690ABC62D358C7F005EB5FD /* GFTextField.swift */,
				5690ABC82D359011005EB5FD /* GFButton.swift */,
			);
			path = View;
			sourceTree = "<group>";
		};
		5690ABCA2D35940B005EB5FD /* Manager */ = {
			isa = PBXGroup;
			children = (
				5690ABCB2D359412005EB5FD /* Network */,
			);
			path = Manager;
			sourceTree = "<group>";
		};
		5690ABCB2D359412005EB5FD /* Network */ = {
			isa = PBXGroup;
			children = (
				5690ABCE2D3594B5005EB5FD /* Endpoint.swift */,
				5690ABCC2D359421005EB5FD /* NetworkManager.swift */,
			);
			path = Network;
			sourceTree = "<group>";
		};
/* End PBXGroup section */

/* Begin PBXNativeTarget section */
		5690AB9A2D2AFAC1005EB5FD /* GithubFollowers */ = {
			isa = PBXNativeTarget;
			buildConfigurationList = 5690ABAF2D2AFAC2005EB5FD /* Build configuration list for PBXNativeTarget "GithubFollowers" */;
			buildPhases = (
				5690AB972D2AFAC1005EB5FD /* Sources */,
				5690AB982D2AFAC1005EB5FD /* Frameworks */,
				5690AB992D2AFAC1005EB5FD /* Resources */,
			);
			buildRules = (
			);
			dependencies = (
			);
			name = GithubFollowers;
			packageProductDependencies = (
				5690ABBE2D358BEC005EB5FD /* SnapKit */,
				5690ABC02D358BEC005EB5FD /* SnapKit-Dynamic */,
				5690ABC32D358C02005EB5FD /* Kingfisher */,
			);
			productName = GithubFollowers;
			productReference = 5690AB9B2D2AFAC1005EB5FD /* GithubFollowers.app */;
			productType = "com.apple.product-type.application";
		};
/* End PBXNativeTarget section */

/* Begin PBXProject section */
		5690AB932D2AFAC1005EB5FD /* Project object */ = {
			isa = PBXProject;
			attributes = {
				BuildIndependentTargetsInParallel = 1;
				LastSwiftUpdateCheck = 1530;
				LastUpgradeCheck = 1530;
				TargetAttributes = {
					5690AB9A2D2AFAC1005EB5FD = {
						CreatedOnToolsVersion = 15.3;
					};
				};
			};
			buildConfigurationList = 5690AB962D2AFAC1005EB5FD /* Build configuration list for PBXProject "GithubFollowers" */;
			compatibilityVersion = "Xcode 14.0";
			developmentRegion = en;
			hasScannedForEncodings = 0;
			knownRegions = (
				en,
				Base,
			);
			mainGroup = 5690AB922D2AFAC1005EB5FD;
			packageReferences = (
				5690ABBD2D358BEC005EB5FD /* XCRemoteSwiftPackageReference "SnapKit" */,
				5690ABC22D358C02005EB5FD /* XCRemoteSwiftPackageReference "Kingfisher" */,
			);
			productRefGroup = 5690AB9C2D2AFAC1005EB5FD /* Products */;
			projectDirPath = "";
			projectRoot = "";
			targets = (
				5690AB9A2D2AFAC1005EB5FD /* GithubFollowers */,
			);
		};
/* End PBXProject section */

/* Begin PBXResourcesBuildPhase section */
		5690AB992D2AFAC1005EB5FD /* Resources */ = {
			isa = PBXResourcesBuildPhase;
			buildActionMask = 2147483647;
			files = (
				5690ABA82D2AFAC2005EB5FD /* Assets.xcassets in Resources */,
				5690ABAB2D2AFAC2005EB5FD /* Base in Resources */,
			);
			runOnlyForDeploymentPostprocessing = 0;
		};
/* End PBXResourcesBuildPhase section */

/* Begin PBXSourcesBuildPhase section */
		5690AB972D2AFAC1005EB5FD /* Sources */ = {
			isa = PBXSourcesBuildPhase;
			buildActionMask = 2147483647;
			files = (
				5690ABC72D358C7F005EB5FD /* GFTextField.swift in Sources */,
				5690ABCF2D3594B5005EB5FD /* Endpoint.swift in Sources */,
				5690ABA32D2AFAC1005EB5FD /* SearchViewController.swift in Sources */,
				5690ABBC2D2AFD0C005EB5FD /* SearchViewModel.swift in Sources */,
				5690ABC92D359011005EB5FD /* GFButton.swift in Sources */,
				5690ABCD2D359421005EB5FD /* NetworkManager.swift in Sources */,
				5690AB9F2D2AFAC1005EB5FD /* AppDelegate.swift in Sources */,
				5690ABA12D2AFAC1005EB5FD /* SceneDelegate.swift in Sources */,
				560F98412D3BAD90006E69F4 /* FollowerListViewController.swift in Sources */,
				560F98432D3BADAD006E69F4 /* FollowerListBuilder.swift in Sources */,
				566F43682D384FEB00F08E5A /* Follower.swift in Sources */,
				566F43662D384F8900F08E5A /* User.swift in Sources */,
				5690ABBA2D2AFBE6005EB5FD /* SearchBuilder.swift in Sources */,
			);
			runOnlyForDeploymentPostprocessing = 0;
		};
/* End PBXSourcesBuildPhase section */

/* Begin PBXVariantGroup section */
		5690ABA92D2AFAC2005EB5FD /* LaunchScreen.storyboard */ = {
			isa = PBXVariantGroup;
			children = (
				5690ABAA2D2AFAC2005EB5FD /* Base */,
			);
			name = LaunchScreen.storyboard;
			sourceTree = "<group>";
		};
/* End PBXVariantGroup section */

/* Begin XCBuildConfiguration section */
		5690ABAD2D2AFAC2005EB5FD /* Debug */ = {
			isa = XCBuildConfiguration;
			buildSettings = {
				ALWAYS_SEARCH_USER_PATHS = NO;
				ASSETCATALOG_COMPILER_GENERATE_SWIFT_ASSET_SYMBOL_EXTENSIONS = YES;
				CLANG_ANALYZER_NONNULL = YES;
				CLANG_ANALYZER_NUMBER_OBJECT_CONVERSION = YES_AGGRESSIVE;
				CLANG_CXX_LANGUAGE_STANDARD = "gnu++20";
				CLANG_ENABLE_MODULES = YES;
				CLANG_ENABLE_OBJC_ARC = YES;
				CLANG_ENABLE_OBJC_WEAK = YES;
				CLANG_WARN_BLOCK_CAPTURE_AUTORELEASING = YES;
				CLANG_WARN_BOOL_CONVERSION = YES;
				CLANG_WARN_COMMA = YES;
				CLANG_WARN_CONSTANT_CONVERSION = YES;
				CLANG_WARN_DEPRECATED_OBJC_IMPLEMENTATIONS = YES;
				CLANG_WARN_DIRECT_OBJC_ISA_USAGE = YES_ERROR;
				CLANG_WARN_DOCUMENTATION_COMMENTS = YES;
				CLANG_WARN_EMPTY_BODY = YES;
				CLANG_WARN_ENUM_CONVERSION = YES;
				CLANG_WARN_INFINITE_RECURSION = YES;
				CLANG_WARN_INT_CONVERSION = YES;
				CLANG_WARN_NON_LITERAL_NULL_CONVERSION = YES;
				CLANG_WARN_OBJC_IMPLICIT_RETAIN_SELF = YES;
				CLANG_WARN_OBJC_LITERAL_CONVERSION = YES;
				CLANG_WARN_OBJC_ROOT_CLASS = YES_ERROR;
				CLANG_WARN_QUOTED_INCLUDE_IN_FRAMEWORK_HEADER = YES;
				CLANG_WARN_RANGE_LOOP_ANALYSIS = YES;
				CLANG_WARN_STRICT_PROTOTYPES = YES;
				CLANG_WARN_SUSPICIOUS_MOVE = YES;
				CLANG_WARN_UNGUARDED_AVAILABILITY = YES_AGGRESSIVE;
				CLANG_WARN_UNREACHABLE_CODE = YES;
				CLANG_WARN__DUPLICATE_METHOD_MATCH = YES;
				COPY_PHASE_STRIP = NO;
				DEBUG_INFORMATION_FORMAT = dwarf;
				ENABLE_STRICT_OBJC_MSGSEND = YES;
				ENABLE_TESTABILITY = YES;
				ENABLE_USER_SCRIPT_SANDBOXING = YES;
				GCC_C_LANGUAGE_STANDARD = gnu17;
				GCC_DYNAMIC_NO_PIC = NO;
				GCC_NO_COMMON_BLOCKS = YES;
				GCC_OPTIMIZATION_LEVEL = 0;
				GCC_PREPROCESSOR_DEFINITIONS = (
					"DEBUG=1",
					"$(inherited)",
				);
				GCC_WARN_64_TO_32_BIT_CONVERSION = YES;
				GCC_WARN_ABOUT_RETURN_TYPE = YES_ERROR;
				GCC_WARN_UNDECLARED_SELECTOR = YES;
				GCC_WARN_UNINITIALIZED_AUTOS = YES_AGGRESSIVE;
				GCC_WARN_UNUSED_FUNCTION = YES;
				GCC_WARN_UNUSED_VARIABLE = YES;
				IPHONEOS_DEPLOYMENT_TARGET = 17.4;
				LOCALIZATION_PREFERS_STRING_CATALOGS = YES;
				MTL_ENABLE_DEBUG_INFO = INCLUDE_SOURCE;
				MTL_FAST_MATH = YES;
				ONLY_ACTIVE_ARCH = YES;
				SDKROOT = iphoneos;
				SWIFT_ACTIVE_COMPILATION_CONDITIONS = "DEBUG $(inherited)";
				SWIFT_OPTIMIZATION_LEVEL = "-Onone";
			};
			name = Debug;
		};
		5690ABAE2D2AFAC2005EB5FD /* Release */ = {
			isa = XCBuildConfiguration;
			buildSettings = {
				ALWAYS_SEARCH_USER_PATHS = NO;
				ASSETCATALOG_COMPILER_GENERATE_SWIFT_ASSET_SYMBOL_EXTENSIONS = YES;
				CLANG_ANALYZER_NONNULL = YES;
				CLANG_ANALYZER_NUMBER_OBJECT_CONVERSION = YES_AGGRESSIVE;
				CLANG_CXX_LANGUAGE_STANDARD = "gnu++20";
				CLANG_ENABLE_MODULES = YES;
				CLANG_ENABLE_OBJC_ARC = YES;
				CLANG_ENABLE_OBJC_WEAK = YES;
				CLANG_WARN_BLOCK_CAPTURE_AUTORELEASING = YES;
				CLANG_WARN_BOOL_CONVERSION = YES;
				CLANG_WARN_COMMA = YES;
				CLANG_WARN_CONSTANT_CONVERSION = YES;
				CLANG_WARN_DEPRECATED_OBJC_IMPLEMENTATIONS = YES;
				CLANG_WARN_DIRECT_OBJC_ISA_USAGE = YES_ERROR;
				CLANG_WARN_DOCUMENTATION_COMMENTS = YES;
				CLANG_WARN_EMPTY_BODY = YES;
				CLANG_WARN_ENUM_CONVERSION = YES;
				CLANG_WARN_INFINITE_RECURSION = YES;
				CLANG_WARN_INT_CONVERSION = YES;
				CLANG_WARN_NON_LITERAL_NULL_CONVERSION = YES;
				CLANG_WARN_OBJC_IMPLICIT_RETAIN_SELF = YES;
				CLANG_WARN_OBJC_LITERAL_CONVERSION = YES;
				CLANG_WARN_OBJC_ROOT_CLASS = YES_ERROR;
				CLANG_WARN_QUOTED_INCLUDE_IN_FRAMEWORK_HEADER = YES;
				CLANG_WARN_RANGE_LOOP_ANALYSIS = YES;
				CLANG_WARN_STRICT_PROTOTYPES = YES;
				CLANG_WARN_SUSPICIOUS_MOVE = YES;
				CLANG_WARN_UNGUARDED_AVAILABILITY = YES_AGGRESSIVE;
				CLANG_WARN_UNREACHABLE_CODE = YES;
				CLANG_WARN__DUPLICATE_METHOD_MATCH = YES;
				COPY_PHASE_STRIP = NO;
				DEBUG_INFORMATION_FORMAT = "dwarf-with-dsym";
				ENABLE_NS_ASSERTIONS = NO;
				ENABLE_STRICT_OBJC_MSGSEND = YES;
				ENABLE_USER_SCRIPT_SANDBOXING = YES;
				GCC_C_LANGUAGE_STANDARD = gnu17;
				GCC_NO_COMMON_BLOCKS = YES;
				GCC_WARN_64_TO_32_BIT_CONVERSION = YES;
				GCC_WARN_ABOUT_RETURN_TYPE = YES_ERROR;
				GCC_WARN_UNDECLARED_SELECTOR = YES;
				GCC_WARN_UNINITIALIZED_AUTOS = YES_AGGRESSIVE;
				GCC_WARN_UNUSED_FUNCTION = YES;
				GCC_WARN_UNUSED_VARIABLE = YES;
				IPHONEOS_DEPLOYMENT_TARGET = 17.4;
				LOCALIZATION_PREFERS_STRING_CATALOGS = YES;
				MTL_ENABLE_DEBUG_INFO = NO;
				MTL_FAST_MATH = YES;
				SDKROOT = iphoneos;
				SWIFT_COMPILATION_MODE = wholemodule;
				VALIDATE_PRODUCT = YES;
			};
			name = Release;
		};
		5690ABB02D2AFAC2005EB5FD /* Debug */ = {
			isa = XCBuildConfiguration;
			buildSettings = {
				ASSETCATALOG_COMPILER_APPICON_NAME = AppIcon;
				ASSETCATALOG_COMPILER_GLOBAL_ACCENT_COLOR_NAME = AccentColor;
				CODE_SIGN_STYLE = Automatic;
				CURRENT_PROJECT_VERSION = 1;
				DEVELOPMENT_TEAM = SJ9HXADZ9T;
				GENERATE_INFOPLIST_FILE = YES;
				INFOPLIST_FILE = GithubFollowers/Resource/Info.plist;
				INFOPLIST_KEY_UIApplicationSupportsIndirectInputEvents = YES;
				INFOPLIST_KEY_UILaunchStoryboardName = LaunchScreen;
				INFOPLIST_KEY_UISupportedInterfaceOrientations = UIInterfaceOrientationPortrait;
				INFOPLIST_KEY_UISupportedInterfaceOrientations_iPad = "UIInterfaceOrientationLandscapeLeft UIInterfaceOrientationLandscapeRight UIInterfaceOrientationPortrait UIInterfaceOrientationPortraitUpsideDown";
				LD_RUNPATH_SEARCH_PATHS = (
					"$(inherited)",
					"@executable_path/Frameworks",
				);
				MARKETING_VERSION = 1.0;
				PRODUCT_BUNDLE_IDENTIFIER = com.MehmetAliOzdemir.GithubFollowers;
				PRODUCT_NAME = "$(TARGET_NAME)";
				SUPPORTED_PLATFORMS = "iphoneos iphonesimulator";
				SUPPORTS_MACCATALYST = NO;
				SUPPORTS_MAC_DESIGNED_FOR_IPHONE_IPAD = NO;
				SUPPORTS_XR_DESIGNED_FOR_IPHONE_IPAD = NO;
				SWIFT_EMIT_LOC_STRINGS = YES;
				SWIFT_VERSION = 5.0;
				TARGETED_DEVICE_FAMILY = 1;
			};
			name = Debug;
		};
		5690ABB12D2AFAC2005EB5FD /* Release */ = {
			isa = XCBuildConfiguration;
			buildSettings = {
				ASSETCATALOG_COMPILER_APPICON_NAME = AppIcon;
				ASSETCATALOG_COMPILER_GLOBAL_ACCENT_COLOR_NAME = AccentColor;
				CODE_SIGN_STYLE = Automatic;
				CURRENT_PROJECT_VERSION = 1;
				DEVELOPMENT_TEAM = SJ9HXADZ9T;
				GENERATE_INFOPLIST_FILE = YES;
				INFOPLIST_FILE = GithubFollowers/Resource/Info.plist;
				INFOPLIST_KEY_UIApplicationSupportsIndirectInputEvents = YES;
				INFOPLIST_KEY_UILaunchStoryboardName = LaunchScreen;
				INFOPLIST_KEY_UISupportedInterfaceOrientations = UIInterfaceOrientationPortrait;
				INFOPLIST_KEY_UISupportedInterfaceOrientations_iPad = "UIInterfaceOrientationLandscapeLeft UIInterfaceOrientationLandscapeRight UIInterfaceOrientationPortrait UIInterfaceOrientationPortraitUpsideDown";
				LD_RUNPATH_SEARCH_PATHS = (
					"$(inherited)",
					"@executable_path/Frameworks",
				);
				MARKETING_VERSION = 1.0;
				PRODUCT_BUNDLE_IDENTIFIER = com.MehmetAliOzdemir.GithubFollowers;
				PRODUCT_NAME = "$(TARGET_NAME)";
				SUPPORTED_PLATFORMS = "iphoneos iphonesimulator";
				SUPPORTS_MACCATALYST = NO;
				SUPPORTS_MAC_DESIGNED_FOR_IPHONE_IPAD = NO;
				SUPPORTS_XR_DESIGNED_FOR_IPHONE_IPAD = NO;
				SWIFT_EMIT_LOC_STRINGS = YES;
				SWIFT_VERSION = 5.0;
				TARGETED_DEVICE_FAMILY = 1;
			};
			name = Release;
		};
/* End XCBuildConfiguration section */

/* Begin XCConfigurationList section */
		5690AB962D2AFAC1005EB5FD /* Build configuration list for PBXProject "GithubFollowers" */ = {
			isa = XCConfigurationList;
			buildConfigurations = (
				5690ABAD2D2AFAC2005EB5FD /* Debug */,
				5690ABAE2D2AFAC2005EB5FD /* Release */,
			);
			defaultConfigurationIsVisible = 0;
			defaultConfigurationName = Release;
		};
		5690ABAF2D2AFAC2005EB5FD /* Build configuration list for PBXNativeTarget "GithubFollowers" */ = {
			isa = XCConfigurationList;
			buildConfigurations = (
				5690ABB02D2AFAC2005EB5FD /* Debug */,
				5690ABB12D2AFAC2005EB5FD /* Release */,
			);
			defaultConfigurationIsVisible = 0;
			defaultConfigurationName = Release;
		};
/* End XCConfigurationList section */

/* Begin XCRemoteSwiftPackageReference section */
		5690ABBD2D358BEC005EB5FD /* XCRemoteSwiftPackageReference "SnapKit" */ = {
			isa = XCRemoteSwiftPackageReference;
			repositoryURL = "https://github.com/SnapKit/SnapKit";
			requirement = {
				kind = upToNextMajorVersion;
				minimumVersion = 5.7.1;
			};
		};
		5690ABC22D358C02005EB5FD /* XCRemoteSwiftPackageReference "Kingfisher" */ = {
			isa = XCRemoteSwiftPackageReference;
			repositoryURL = "https://github.com/onevcat/Kingfisher.git";
			requirement = {
				kind = upToNextMajorVersion;
				minimumVersion = 8.1.3;
			};
		};
/* End XCRemoteSwiftPackageReference section */

/* Begin XCSwiftPackageProductDependency section */
		5690ABBE2D358BEC005EB5FD /* SnapKit */ = {
			isa = XCSwiftPackageProductDependency;
			package = 5690ABBD2D358BEC005EB5FD /* XCRemoteSwiftPackageReference "SnapKit" */;
			productName = SnapKit;
		};
		5690ABC02D358BEC005EB5FD /* SnapKit-Dynamic */ = {
			isa = XCSwiftPackageProductDependency;
			package = 5690ABBD2D358BEC005EB5FD /* XCRemoteSwiftPackageReference "SnapKit" */;
			productName = "SnapKit-Dynamic";
		};
		5690ABC32D358C02005EB5FD /* Kingfisher */ = {
			isa = XCSwiftPackageProductDependency;
			package = 5690ABC22D358C02005EB5FD /* XCRemoteSwiftPackageReference "Kingfisher" */;
			productName = Kingfisher;
		};
/* End XCSwiftPackageProductDependency section */
	};
	rootObject = 5690AB932D2AFAC1005EB5FD /* Project object */;
}
